PODS:
  - Flutter (1.0.0)
  - flutter_electronicid (1.1.0):
    - Flutter
    - VideoIDLiteSDK (= 1.0.17)
  - lottie-ios (3.2.3)
  - OpenSSL-Universal (1.1.180)
  - VideoIDLiteSDK (1.0.17):
    - lottie-ios (= 3.2.3)
    - OpenSSL-Universal (= 1.1.180)

DEPENDENCIES:
  - Flutter (from `Flutter`)
  - flutter_electronicid (from `.symlinks/plugins/flutter_electronicid/ios`)

SPEC REPOS:
  trunk:
    - lottie-ios
    - OpenSSL-Universal
    - VideoIDLiteSDK

EXTERNAL SOURCES:
  Flutter:
    :path: Flutter
  flutter_electronicid:
    :path: ".symlinks/plugins/flutter_electronicid/ios"

SPEC CHECKSUMS:
  Flutter: 50d75fe2f02b26cc09d224853bb45737f8b3214a
  flutter_electronicid: 72cd8f99447521a8d2c31bbf06bc94074f9d2fc9
  lottie-ios: c058aeafa76daa4cf64d773554bccc8385d0150e
  OpenSSL-Universal: 1aa4f6a6ee7256b83db99ec1ccdaa80d10f9af9b
  VideoIDLiteSDK: 964203fc675f64b0d456c49962be6fdc2bc439bc

PODFILE CHECKSUM: e6d64032224662f49d97fe4a7059095bd0906c8f

COCOAPODS: 1.11.3
